
Microsoft Visual Studio Solution File, Format Version 12.00
# Visual Studio Version 16
VisualStudioVersion = 16.0.30011.22
MinimumVisualStudioVersion = 10.0.40219.1
Project("{2150E333-8FDC-42A3-9474-1A3956D46DE8}") = "src", "src", "{F2E8A7DA-58C8-453A-94AF-929D7AE10134}"
EndProject
Project("{2150E333-8FDC-42A3-9474-1A3956D46DE8}") = "Microservices", "Microservices", "{A4260604-7C41-4C6B-B60D-AE9E9C9173F5}"
EndProject
Project("{2150E333-8FDC-42A3-9474-1A3956D46DE8}") = "WebUI", "WebUI", "{D544CF1E-B700-46D0-AF2F-7B397D9E8E25}"
EndProject
Project("{9A19103F-16F7-4668-BE54-9A1E7A4F7556}") = "Infrastructure.EventBus", "src\Infrastructure.EventBus\Infrastructure.EventBus.csproj", "{B7AA739B-9B6D-40F6-AD19-2EBBD709C3CE}"
EndProject
Project("{FAE04EC0-301F-11D3-BF4B-00C04F79EFBC}") = "Domain.Core", "src\Domain.Core\Domain.Core.csproj", "{48E8D694-D5F8-47FC-9928-2662E339D3F3}"
EndProject
Project("{2150E333-8FDC-42A3-9474-1A3956D46DE8}") = "Account", "Account", "{F98E6FA2-3DA3-43DD-A742-19E98D843DC5}"
EndProject
Project("{FAE04EC0-301F-11D3-BF4B-00C04F79EFBC}") = "Account.Api", "src\Microservices\Account\Account.Api\Account.Api.csproj", "{DD5788B2-1E2D-4E68-9BF6-ABCEE2BE6276}"
EndProject
Project("{FAE04EC0-301F-11D3-BF4B-00C04F79EFBC}") = "Account.Infrastructure", "src\Microservices\Account\Account.Infrastructure\Account.Infrastructure.csproj", "{5B217F4F-1449-449B-ADDF-95045377A0C6}"
EndProject
Project("{FAE04EC0-301F-11D3-BF4B-00C04F79EFBC}") = "Account.Domain", "src\Microservices\Account\Account.Domain\Account.Domain.csproj", "{218B4C76-FB0F-444A-9AA0-1401DA0A995C}"
EndProject
Project("{FAE04EC0-301F-11D3-BF4B-00C04F79EFBC}") = "Account.Application", "src\Microservices\Account\Account.Application\Account.Application.csproj", "{116BF611-AD9C-412C-AF33-535EECC3D7C6}"
EndProject
Global
	GlobalSection(SolutionConfigurationPlatforms) = preSolution
		Debug|Any CPU = Debug|Any CPU
		Release|Any CPU = Release|Any CPU
	EndGlobalSection
	GlobalSection(ProjectConfigurationPlatforms) = postSolution
		{B7AA739B-9B6D-40F6-AD19-2EBBD709C3CE}.Debug|Any CPU.ActiveCfg = Debug|Any CPU
		{B7AA739B-9B6D-40F6-AD19-2EBBD709C3CE}.Debug|Any CPU.Build.0 = Debug|Any CPU
		{B7AA739B-9B6D-40F6-AD19-2EBBD709C3CE}.Release|Any CPU.ActiveCfg = Release|Any CPU
		{B7AA739B-9B6D-40F6-AD19-2EBBD709C3CE}.Release|Any CPU.Build.0 = Release|Any CPU
		{48E8D694-D5F8-47FC-9928-2662E339D3F3}.Debug|Any CPU.ActiveCfg = Debug|Any CPU
		{48E8D694-D5F8-47FC-9928-2662E339D3F3}.Debug|Any CPU.Build.0 = Debug|Any CPU
		{48E8D694-D5F8-47FC-9928-2662E339D3F3}.Release|Any CPU.ActiveCfg = Release|Any CPU
		{48E8D694-D5F8-47FC-9928-2662E339D3F3}.Release|Any CPU.Build.0 = Release|Any CPU
		{DD5788B2-1E2D-4E68-9BF6-ABCEE2BE6276}.Debug|Any CPU.ActiveCfg = Debug|Any CPU
		{DD5788B2-1E2D-4E68-9BF6-ABCEE2BE6276}.Debug|Any CPU.Build.0 = Debug|Any CPU
		{DD5788B2-1E2D-4E68-9BF6-ABCEE2BE6276}.Release|Any CPU.ActiveCfg = Release|Any CPU
		{DD5788B2-1E2D-4E68-9BF6-ABCEE2BE6276}.Release|Any CPU.Build.0 = Release|Any CPU
		{5B217F4F-1449-449B-ADDF-95045377A0C6}.Debug|Any CPU.ActiveCfg = Debug|Any CPU
		{5B217F4F-1449-449B-ADDF-95045377A0C6}.Debug|Any CPU.Build.0 = Debug|Any CPU
		{5B217F4F-1449-449B-ADDF-95045377A0C6}.Release|Any CPU.ActiveCfg = Release|Any CPU
		{5B217F4F-1449-449B-ADDF-95045377A0C6}.Release|Any CPU.Build.0 = Release|Any CPU
		{218B4C76-FB0F-444A-9AA0-1401DA0A995C}.Debug|Any CPU.ActiveCfg = Debug|Any CPU
		{218B4C76-FB0F-444A-9AA0-1401DA0A995C}.Debug|Any CPU.Build.0 = Debug|Any CPU
		{218B4C76-FB0F-444A-9AA0-1401DA0A995C}.Release|Any CPU.ActiveCfg = Release|Any CPU
		{218B4C76-FB0F-444A-9AA0-1401DA0A995C}.Release|Any CPU.Build.0 = Release|Any CPU
		{116BF611-AD9C-412C-AF33-535EECC3D7C6}.Debug|Any CPU.ActiveCfg = Debug|Any CPU
		{116BF611-AD9C-412C-AF33-535EECC3D7C6}.Debug|Any CPU.Build.0 = Debug|Any CPU
		{116BF611-AD9C-412C-AF33-535EECC3D7C6}.Release|Any CPU.ActiveCfg = Release|Any CPU
		{116BF611-AD9C-412C-AF33-535EECC3D7C6}.Release|Any CPU.Build.0 = Release|Any CPU
	EndGlobalSection
	GlobalSection(SolutionProperties) = preSolution
		HideSolutionNode = FALSE
	EndGlobalSection
	GlobalSection(NestedProjects) = preSolution
		{A4260604-7C41-4C6B-B60D-AE9E9C9173F5} = {F2E8A7DA-58C8-453A-94AF-929D7AE10134}
		{D544CF1E-B700-46D0-AF2F-7B397D9E8E25} = {F2E8A7DA-58C8-453A-94AF-929D7AE10134}
		{B7AA739B-9B6D-40F6-AD19-2EBBD709C3CE} = {F2E8A7DA-58C8-453A-94AF-929D7AE10134}
		{48E8D694-D5F8-47FC-9928-2662E339D3F3} = {F2E8A7DA-58C8-453A-94AF-929D7AE10134}
		{F98E6FA2-3DA3-43DD-A742-19E98D843DC5} = {A4260604-7C41-4C6B-B60D-AE9E9C9173F5}
		{DD5788B2-1E2D-4E68-9BF6-ABCEE2BE6276} = {F98E6FA2-3DA3-43DD-A742-19E98D843DC5}
		{5B217F4F-1449-449B-ADDF-95045377A0C6} = {F98E6FA2-3DA3-43DD-A742-19E98D843DC5}
		{218B4C76-FB0F-444A-9AA0-1401DA0A995C} = {F98E6FA2-3DA3-43DD-A742-19E98D843DC5}
		{116BF611-AD9C-412C-AF33-535EECC3D7C6} = {F98E6FA2-3DA3-43DD-A742-19E98D843DC5}
	EndGlobalSection
	GlobalSection(ExtensibilityGlobals) = postSolution
		SolutionGuid = {D5F1B68B-0262-450D-8EDC-DFA341359843}
	EndGlobalSection
EndGlobal
